
Microsoft Visual Studio Solution File, Format Version 12.00
# Visual Studio Version 17
VisualStudioVersion = 17.5.33516.290
MinimumVisualStudioVersion = 10.0.40219.1
Project("{FAE04EC0-301F-11D3-BF4B-00C04F79EFBC}") = "FYH", "FYH\FYH.csproj", "{F11E7842-9B9B-4C2B-924A-F0A2F66733A4}"
EndProject
Global
	GlobalSection(SolutionConfigurationPlatforms) = preSolution
		Debug|Any CPU = Debug|Any CPU
		Release|Any CPU = Release|Any CPU
	EndGlobalSection
	GlobalSection(ProjectConfigurationPlatforms) = postSolution
		{F11E7842-9B9B-4C2B-924A-F0A2F66733A4}.Debug|Any CPU.ActiveCfg = Debug|Any CPU
		{F11E7842-9B9B-4C2B-924A-F0A2F66733A4}.Debug|Any CPU.Build.0 = Debug|Any CPU
		{F11E7842-9B9B-4C2B-924A-F0A2F66733A4}.Release|Any CPU.ActiveCfg = Release|Any CPU
		{F11E7842-9B9B-4C2B-924A-F0A2F66733A4}.Release|Any CPU.Build.0 = Release|Any CPU
	EndGlobalSection
	GlobalSection(SolutionProperties) = preSolution
		HideSolutionNode = FALSE
	EndGlobalSection
	GlobalSection(ExtensibilityGlobals) = postSolution
		SolutionGuid = {C6233D1E-B1BB-457C-ACB0-F4C58617829B}
	EndGlobalSection
EndGlobal
